// !$*UTF8*$!
{
	archiveVersion = 1;
	classes = {
	};
	objectVersion = 50;
	objects = {

/* Begin PBXBuildFile section */
		A97E377F26D378E000CB833C /* AppDelegate.swift in Sources */ = {isa = PBXBuildFile; fileRef = A97E377E26D378E000CB833C /* AppDelegate.swift */; };
		A97E378126D378E000CB833C /* SceneDelegate.swift in Sources */ = {isa = PBXBuildFile; fileRef = A97E378026D378E000CB833C /* SceneDelegate.swift */; };
		A97E378326D378E000CB833C /* SignUpViewController.swift in Sources */ = {isa = PBXBuildFile; fileRef = A97E378226D378E000CB833C /* SignUpViewController.swift */; };
		A97E378826D378E100CB833C /* Assets.xcassets in Resources */ = {isa = PBXBuildFile; fileRef = A97E378726D378E100CB833C /* Assets.xcassets */; };
		A97E378B26D378E100CB833C /* LaunchScreen.storyboard in Resources */ = {isa = PBXBuildFile; fileRef = A97E378926D378E100CB833C /* LaunchScreen.storyboard */; };
		A97E379A26D49C6400CB833C /* Segoe UI.ttf in Resources */ = {isa = PBXBuildFile; fileRef = A97E379926D49C6400CB833C /* Segoe UI.ttf */; };
		A97E37A126D4A87600CB833C /* phone image.png in Resources */ = {isa = PBXBuildFile; fileRef = A97E379E26D4A87600CB833C /* phone image.png */; };
		A97E37A226D4A87600CB833C /* mail image.png in Resources */ = {isa = PBXBuildFile; fileRef = A97E379F26D4A87600CB833C /* mail image.png */; };
		A97E37A326D4A87600CB833C /* main image.png in Resources */ = {isa = PBXBuildFile; fileRef = A97E37A026D4A87600CB833C /* main image.png */; };
		A97E37A526D4BA7200CB833C /* Segoe UI Bold.ttf in Resources */ = {isa = PBXBuildFile; fileRef = A97E37A426D4BA7200CB833C /* Segoe UI Bold.ttf */; };
		A97E37A726D643AE00CB833C /* Alert Controller.swift in Sources */ = {isa = PBXBuildFile; fileRef = A97E37A626D643AE00CB833C /* Alert Controller.swift */; };
		A97E37A926D64B0D00CB833C /* Variable.swift in Sources */ = {isa = PBXBuildFile; fileRef = A97E37A826D64B0D00CB833C /* Variable.swift */; };
/* End PBXBuildFile section */

/* Begin PBXFileReference section */
		A97E377B26D378E000CB833C /* Autorisacion.app */ = {isa = PBXFileReference; explicitFileType = wrapper.application; includeInIndex = 0; path = Autorisacion.app; sourceTree = BUILT_PRODUCTS_DIR; };
		A97E377E26D378E000CB833C /* AppDelegate.swift */ = {isa = PBXFileReference; lastKnownFileType = sourcecode.swift; path = AppDelegate.swift; sourceTree = "<group>"; };
		A97E378026D378E000CB833C /* SceneDelegate.swift */ = {isa = PBXFileReference; lastKnownFileType = sourcecode.swift; path = SceneDelegate.swift; sourceTree = "<group>"; };
		A97E378226D378E000CB833C /* SignUpViewController.swift */ = {isa = PBXFileReference; lastKnownFileType = sourcecode.swift; path = SignUpViewController.swift; sourceTree = "<group>"; };
		A97E378726D378E100CB833C /* Assets.xcassets */ = {isa = PBXFileReference; lastKnownFileType = folder.assetcatalog; path = Assets.xcassets; sourceTree = "<group>"; };
		A97E378A26D378E100CB833C /* Base */ = {isa = PBXFileReference; lastKnownFileType = file.storyboard; name = Base; path = Base.lproj/LaunchScreen.storyboard; sourceTree = "<group>"; };
		A97E378C26D378E100CB833C /* Info.plist */ = {isa = PBXFileReference; lastKnownFileType = text.plist.xml; path = Info.plist; sourceTree = "<group>"; };
		A97E379926D49C6400CB833C /* Segoe UI.ttf */ = {isa = PBXFileReference; lastKnownFileType = file; path = "Segoe UI.ttf"; sourceTree = "<group>"; };
		A97E379E26D4A87600CB833C /* phone image.png */ = {isa = PBXFileReference; lastKnownFileType = image.png; path = "phone image.png"; sourceTree = "<group>"; };
		A97E379F26D4A87600CB833C /* mail image.png */ = {isa = PBXFileReference; lastKnownFileType = image.png; path = "mail image.png"; sourceTree = "<group>"; };
		A97E37A026D4A87600CB833C /* main image.png */ = {isa = PBXFileReference; lastKnownFileType = image.png; path = "main image.png"; sourceTree = "<group>"; };
		A97E37A426D4BA7200CB833C /* Segoe UI Bold.ttf */ = {isa = PBXFileReference; lastKnownFileType = file; path = "Segoe UI Bold.ttf"; sourceTree = "<group>"; };
		A97E37A626D643AE00CB833C /* Alert Controller.swift */ = {isa = PBXFileReference; lastKnownFileType = sourcecode.swift; path = "Alert Controller.swift"; sourceTree = "<group>"; };
		A97E37A826D64B0D00CB833C /* Variable.swift */ = {isa = PBXFileReference; lastKnownFileType = sourcecode.swift; path = Variable.swift; sourceTree = "<group>"; };
/* End PBXFileReference section */

/* Begin PBXFrameworksBuildPhase section */
		A97E377826D378E000CB833C /* Frameworks */ = {
			isa = PBXFrameworksBuildPhase;
			buildActionMask = 2147483647;
			files = (
			);
			runOnlyForDeploymentPostprocessing = 0;
		};
/* End PBXFrameworksBuildPhase section */

/* Begin PBXGroup section */
		A97E377226D378E000CB833C = {
			isa = PBXGroup;
			children = (
				A97E377D26D378E000CB833C /* Autorisacion */,
				A97E377C26D378E000CB833C /* Products */,
			);
			sourceTree = "<group>";
		};
		A97E377C26D378E000CB833C /* Products */ = {
			isa = PBXGroup;
			children = (
				A97E377B26D378E000CB833C /* Autorisacion.app */,
			);
			name = Products;
			sourceTree = "<group>";
		};
		A97E377D26D378E000CB833C /* Autorisacion */ = {
			isa = PBXGroup;
			children = (
				A97E379526D3D62000CB833C /* Controller */,
				A97E379226D3D5E100CB833C /* Model */,
				A97E379326D3D5E900CB833C /* View */,
				A97E379426D3D5F900CB833C /* Support Files */,
			);
			path = Autorisacion;
			sourceTree = "<group>";
		};
		A97E379226D3D5E100CB833C /* Model */ = {
			isa = PBXGroup;
			children = (
				A97E37A826D64B0D00CB833C /* Variable.swift */,
			);
			path = Model;
			sourceTree = "<group>";
		};
		A97E379326D3D5E900CB833C /* View */ = {
			isa = PBXGroup;
			children = (
				A97E378926D378E100CB833C /* LaunchScreen.storyboard */,
			);
			path = View;
			sourceTree = "<group>";
		};
		A97E379426D3D5F900CB833C /* Support Files */ = {
			isa = PBXGroup;
			children = (
				A97E379D26D4A7F000CB833C /* IMG */,
				A97E379626D4975600CB833C /* Fonts */,
				A97E377E26D378E000CB833C /* AppDelegate.swift */,
				A97E378026D378E000CB833C /* SceneDelegate.swift */,
				A97E378726D378E100CB833C /* Assets.xcassets */,
				A97E378C26D378E100CB833C /* Info.plist */,
			);
			path = "Support Files";
			sourceTree = "<group>";
		};
		A97E379526D3D62000CB833C /* Controller */ = {
			isa = PBXGroup;
			children = (
				A97E378226D378E000CB833C /* SignUpViewController.swift */,
				A97E37A626D643AE00CB833C /* Alert Controller.swift */,
			);
			path = Controller;
			sourceTree = "<group>";
		};
		A97E379626D4975600CB833C /* Fonts */ = {
			isa = PBXGroup;
			children = (
				A97E379926D49C6400CB833C /* Segoe UI.ttf */,
				A97E37A426D4BA7200CB833C /* Segoe UI Bold.ttf */,
			);
			path = Fonts;
			sourceTree = "<group>";
		};
		A97E379D26D4A7F000CB833C /* IMG */ = {
			isa = PBXGroup;
			children = (
				A97E379F26D4A87600CB833C /* mail image.png */,
				A97E37A026D4A87600CB833C /* main image.png */,
				A97E379E26D4A87600CB833C /* phone image.png */,
			);
			path = IMG;
			sourceTree = "<group>";
		};
/* End PBXGroup section */

/* Begin PBXNativeTarget section */
		A97E377A26D378E000CB833C /* Autorisacion */ = {
			isa = PBXNativeTarget;
			buildConfigurationList = A97E378F26D378E100CB833C /* Build configuration list for PBXNativeTarget "Autorisacion" */;
			buildPhases = (
				A97E377726D378E000CB833C /* Sources */,
				A97E377826D378E000CB833C /* Frameworks */,
				A97E377926D378E000CB833C /* Resources */,
			);
			buildRules = (
			);
			dependencies = (
			);
			name = Autorisacion;
			productName = Autorisacion;
			productReference = A97E377B26D378E000CB833C /* Autorisacion.app */;
			productType = "com.apple.product-type.application";
		};
/* End PBXNativeTarget section */

/* Begin PBXProject section */
		A97E377326D378E000CB833C /* Project object */ = {
			isa = PBXProject;
			attributes = {
				LastSwiftUpdateCheck = 1250;
				LastUpgradeCheck = 1250;
				TargetAttributes = {
					A97E377A26D378E000CB833C = {
						CreatedOnToolsVersion = 12.5.1;
					};
				};
			};
			buildConfigurationList = A97E377626D378E000CB833C /* Build configuration list for PBXProject "Autorisacion" */;
			compatibilityVersion = "Xcode 9.3";
			developmentRegion = en;
			hasScannedForEncodings = 0;
			knownRegions = (
				en,
				Base,
			);
			mainGroup = A97E377226D378E000CB833C;
			productRefGroup = A97E377C26D378E000CB833C /* Products */;
			projectDirPath = "";
			projectRoot = "";
			targets = (
				A97E377A26D378E000CB833C /* Autorisacion */,
			);
		};
/* End PBXProject section */

/* Begin PBXResourcesBuildPhase section */
		A97E377926D378E000CB833C /* Resources */ = {
			isa = PBXResourcesBuildPhase;
			buildActionMask = 2147483647;
			files = (
				A97E378B26D378E100CB833C /* LaunchScreen.storyboard in Resources */,
				A97E37A326D4A87600CB833C /* main image.png in Resources */,
				A97E379A26D49C6400CB833C /* Segoe UI.ttf in Resources */,
				A97E378826D378E100CB833C /* Assets.xcassets in Resources */,
				A97E37A526D4BA7200CB833C /* Segoe UI Bold.ttf in Resources */,
				A97E37A226D4A87600CB833C /* mail image.png in Resources */,
				A97E37A126D4A87600CB833C /* phone image.png in Resources */,
			);
			runOnlyForDeploymentPostprocessing = 0;
		};
/* End PBXResourcesBuildPhase section */

/* Begin PBXSourcesBuildPhase section */
		A97E377726D378E000CB833C /* Sources */ = {
			isa = PBXSourcesBuildPhase;
			buildActionMask = 2147483647;
			files = (
				A97E378326D378E000CB833C /* SignUpViewController.swift in Sources */,
				A97E37A726D643AE00CB833C /* Alert Controller.swift in Sources */,
				A97E377F26D378E000CB833C /* AppDelegate.swift in Sources */,
				A97E378126D378E000CB833C /* SceneDelegate.swift in Sources */,
				A97E37A926D64B0D00CB833C /* Variable.swift in Sources */,
			);
			runOnlyForDeploymentPostprocessing = 0;
		};
/* End PBXSourcesBuildPhase section */

/* Begin PBXVariantGroup section */
		A97E378926D378E100CB833C /* LaunchScreen.storyboard */ = {
			isa = PBXVariantGroup;
			children = (
				A97E378A26D378E100CB833C /* Base */,
			);
			name = LaunchScreen.storyboard;
			sourceTree = "<group>";
		};
/* End PBXVariantGroup section */

/* Begin XCBuildConfiguration section */
		A97E378D26D378E100CB833C /* Debug */ = {
			isa = XCBuildConfiguration;
			buildSettings = {
				ALWAYS_SEARCH_USER_PATHS = NO;
				CLANG_ANALYZER_NONNULL = YES;
				CLANG_ANALYZER_NUMBER_OBJECT_CONVERSION = YES_AGGRESSIVE;
				CLANG_CXX_LANGUAGE_STANDARD = "gnu++14";
				CLANG_CXX_LIBRARY = "libc++";
				CLANG_ENABLE_MODULES = YES;
				CLANG_ENABLE_OBJC_ARC = YES;
				CLANG_ENABLE_OBJC_WEAK = YES;
				CLANG_WARN_BLOCK_CAPTURE_AUTORELEASING = YES;
				CLANG_WARN_BOOL_CONVERSION = YES;
				CLANG_WARN_COMMA = YES;
				CLANG_WARN_CONSTANT_CONVERSION = YES;
				CLANG_WARN_DEPRECATED_OBJC_IMPLEMENTATIONS = YES;
				CLANG_WARN_DIRECT_OBJC_ISA_USAGE = YES_ERROR;
				CLANG_WARN_DOCUMENTATION_COMMENTS = YES;
				CLANG_WARN_EMPTY_BODY = YES;
				CLANG_WARN_ENUM_CONVERSION = YES;
				CLANG_WARN_INFINITE_RECURSION = YES;
				CLANG_WARN_INT_CONVERSION = YES;
				CLANG_WARN_NON_LITERAL_NULL_CONVERSION = YES;
				CLANG_WARN_OBJC_IMPLICIT_RETAIN_SELF = YES;
				CLANG_WARN_OBJC_LITERAL_CONVERSION = YES;
				CLANG_WARN_OBJC_ROOT_CLASS = YES_ERROR;
				CLANG_WARN_QUOTED_INCLUDE_IN_FRAMEWORK_HEADER = YES;
				CLANG_WARN_RANGE_LOOP_ANALYSIS = YES;
				CLANG_WARN_STRICT_PROTOTYPES = YES;
				CLANG_WARN_SUSPICIOUS_MOVE = YES;
				CLANG_WARN_UNGUARDED_AVAILABILITY = YES_AGGRESSIVE;
				CLANG_WARN_UNREACHABLE_CODE = YES;
				CLANG_WARN__DUPLICATE_METHOD_MATCH = YES;
				COPY_PHASE_STRIP = NO;
				DEBUG_INFORMATION_FORMAT = dwarf;
				ENABLE_STRICT_OBJC_MSGSEND = YES;
				ENABLE_TESTABILITY = YES;
				GCC_C_LANGUAGE_STANDARD = gnu11;
				GCC_DYNAMIC_NO_PIC = NO;
				GCC_NO_COMMON_BLOCKS = YES;
				GCC_OPTIMIZATION_LEVEL = 0;
				GCC_PREPROCESSOR_DEFINITIONS = (
					"DEBUG=1",
					"$(inherited)",
				);
				GCC_WARN_64_TO_32_BIT_CONVERSION = YES;
				GCC_WARN_ABOUT_RETURN_TYPE = YES_ERROR;
				GCC_WARN_UNDECLARED_SELECTOR = YES;
				GCC_WARN_UNINITIALIZED_AUTOS = YES_AGGRESSIVE;
				GCC_WARN_UNUSED_FUNCTION = YES;
				GCC_WARN_UNUSED_VARIABLE = YES;
				IPHONEOS_DEPLOYMENT_TARGET = 14.5;
				MTL_ENABLE_DEBUG_INFO = INCLUDE_SOURCE;
				MTL_FAST_MATH = YES;
				ONLY_ACTIVE_ARCH = YES;
				SDKROOT = iphoneos;
				SWIFT_ACTIVE_COMPILATION_CONDITIONS = DEBUG;
				SWIFT_OPTIMIZATION_LEVEL = "-Onone";
			};
			name = Debug;
		};
		A97E378E26D378E100CB833C /* Release */ = {
			isa = XCBuildConfiguration;
			buildSettings = {
				ALWAYS_SEARCH_USER_PATHS = NO;
				CLANG_ANALYZER_NONNULL = YES;
				CLANG_ANALYZER_NUMBER_OBJECT_CONVERSION = YES_AGGRESSIVE;
				CLANG_CXX_LANGUAGE_STANDARD = "gnu++14";
				CLANG_CXX_LIBRARY = "libc++";
				CLANG_ENABLE_MODULES = YES;
				CLANG_ENABLE_OBJC_ARC = YES;
				CLANG_ENABLE_OBJC_WEAK = YES;
				CLANG_WARN_BLOCK_CAPTURE_AUTORELEASING = YES;
				CLANG_WARN_BOOL_CONVERSION = YES;
				CLANG_WARN_COMMA = YES;
				CLANG_WARN_CONSTANT_CONVERSION = YES;
				CLANG_WARN_DEPRECATED_OBJC_IMPLEMENTATIONS = YES;
				CLANG_WARN_DIRECT_OBJC_ISA_USAGE = YES_ERROR;
				CLANG_WARN_DOCUMENTATION_COMMENTS = YES;
				CLANG_WARN_EMPTY_BODY = YES;
				CLANG_WARN_ENUM_CONVERSION = YES;
				CLANG_WARN_INFINITE_RECURSION = YES;
				CLANG_WARN_INT_CONVERSION = YES;
				CLANG_WARN_NON_LITERAL_NULL_CONVERSION = YES;
				CLANG_WARN_OBJC_IMPLICIT_RETAIN_SELF = YES;
				CLANG_WARN_OBJC_LITERAL_CONVERSION = YES;
				CLANG_WARN_OBJC_ROOT_CLASS = YES_ERROR;
				CLANG_WARN_QUOTED_INCLUDE_IN_FRAMEWORK_HEADER = YES;
				CLANG_WARN_RANGE_LOOP_ANALYSIS = YES;
				CLANG_WARN_STRICT_PROTOTYPES = YES;
				CLANG_WARN_SUSPICIOUS_MOVE = YES;
				CLANG_WARN_UNGUARDED_AVAILABILITY = YES_AGGRESSIVE;
				CLANG_WARN_UNREACHABLE_CODE = YES;
				CLANG_WARN__DUPLICATE_METHOD_MATCH = YES;
				COPY_PHASE_STRIP = NO;
				DEBUG_INFORMATION_FORMAT = "dwarf-with-dsym";
				ENABLE_NS_ASSERTIONS = NO;
				ENABLE_STRICT_OBJC_MSGSEND = YES;
				GCC_C_LANGUAGE_STANDARD = gnu11;
				GCC_NO_COMMON_BLOCKS = YES;
				GCC_WARN_64_TO_32_BIT_CONVERSION = YES;
				GCC_WARN_ABOUT_RETURN_TYPE = YES_ERROR;
				GCC_WARN_UNDECLARED_SELECTOR = YES;
				GCC_WARN_UNINITIALIZED_AUTOS = YES_AGGRESSIVE;
				GCC_WARN_UNUSED_FUNCTION = YES;
				GCC_WARN_UNUSED_VARIABLE = YES;
				IPHONEOS_DEPLOYMENT_TARGET = 14.5;
				MTL_ENABLE_DEBUG_INFO = NO;
				MTL_FAST_MATH = YES;
				SDKROOT = iphoneos;
				SWIFT_COMPILATION_MODE = wholemodule;
				SWIFT_OPTIMIZATION_LEVEL = "-O";
				VALIDATE_PRODUCT = YES;
			};
			name = Release;
		};
		A97E379026D378E100CB833C /* Debug */ = {
			isa = XCBuildConfiguration;
			buildSettings = {
				ASSETCATALOG_COMPILER_APPICON_NAME = AppIcon;
				ASSETCATALOG_COMPILER_GLOBAL_ACCENT_COLOR_NAME = AccentColor;
				CODE_SIGN_STYLE = Automatic;
				DEVELOPMENT_TEAM = TR8VMB4WD9;
				INFOPLIST_FILE = "$(SRCROOT)/Autorisacion/Support Files/Info.plist";
				LD_RUNPATH_SEARCH_PATHS = (
					"$(inherited)",
					"@executable_path/Frameworks",
				);
				PRODUCT_BUNDLE_IDENTIFIER = ArtemRopavka.Autorisacion;
				PRODUCT_NAME = "$(TARGET_NAME)";
				SWIFT_VERSION = 5.0;
				TARGETED_DEVICE_FAMILY = "1,2";
			};
			name = Debug;
		};
		A97E379126D378E100CB833C /* Release */ = {
			isa = XCBuildConfiguration;
			buildSettings = {
				ASSETCATALOG_COMPILER_APPICON_NAME = AppIcon;
				ASSETCATALOG_COMPILER_GLOBAL_ACCENT_COLOR_NAME = AccentColor;
				CODE_SIGN_STYLE = Automatic;
				DEVELOPMENT_TEAM = TR8VMB4WD9;
				INFOPLIST_FILE = "$(SRCROOT)/Autorisacion/Support Files/Info.plist";
				LD_RUNPATH_SEARCH_PATHS = (
					"$(inherited)",
					"@executable_path/Frameworks",
				);
				PRODUCT_BUNDLE_IDENTIFIER = ArtemRopavka.Autorisacion;
				PRODUCT_NAME = "$(TARGET_NAME)";
				SWIFT_VERSION = 5.0;
				TARGETED_DEVICE_FAMILY = "1,2";
			};
			name = Release;
		};
/* End XCBuildConfiguration section */

/* Begin XCConfigurationList section */
		A97E377626D378E000CB833C /* Build configuration list for PBXProject "Autorisacion" */ = {
			isa = XCConfigurationList;
			buildConfigurations = (
				A97E378D26D378E100CB833C /* Debug */,
				A97E378E26D378E100CB833C /* Release */,
			);
			defaultConfigurationIsVisible = 0;
			defaultConfigurationName = Release;
		};
		A97E378F26D378E100CB833C /* Build configuration list for PBXNativeTarget "Autorisacion" */ = {
			isa = XCConfigurationList;
			buildConfigurations = (
				A97E379026D378E100CB833C /* Debug */,
				A97E379126D378E100CB833C /* Release */,
			);
			defaultConfigurationIsVisible = 0;
			defaultConfigurationName = Release;
		};
/* End XCConfigurationList section */
	};
	rootObject = A97E377326D378E000CB833C /* Project object */;
}
